
Microsoft Visual Studio Solution File, Format Version 12.00
# Visual Studio Version 16
VisualStudioVersion = 16.0.30804.86
MinimumVisualStudioVersion = 10.0.40219.1
Project("{FAE04EC0-301F-11D3-BF4B-00C04F79EFBC}") = "GA2021", "GA2021\GA2021.csproj", "{C193A492-DF41-4196-B777-CDD5862D4097}"
EndProject
Global
	GlobalSection(SolutionConfigurationPlatforms) = preSolution
		Debug|Any CPU = Debug|Any CPU
		Release|Any CPU = Release|Any CPU
	EndGlobalSection
	GlobalSection(ProjectConfigurationPlatforms) = postSolution
		{C193A492-DF41-4196-B777-CDD5862D4097}.Debug|Any CPU.ActiveCfg = Debug|Any CPU
		{C193A492-DF41-4196-B777-CDD5862D4097}.Debug|Any CPU.Build.0 = Debug|Any CPU
		{C193A492-DF41-4196-B777-CDD5862D4097}.Release|Any CPU.ActiveCfg = Release|Any CPU
		{C193A492-DF41-4196-B777-CDD5862D4097}.Release|Any CPU.Build.0 = Release|Any CPU
	EndGlobalSection
	GlobalSection(SolutionProperties) = preSolution
		HideSolutionNode = FALSE
	EndGlobalSection
	GlobalSection(ExtensibilityGlobals) = postSolution
		SolutionGuid = {DCDD6082-E047-4DF0-9363-B081F6862821}
	EndGlobalSection
EndGlobal
